
Microsoft Visual Studio Solution File, Format Version 12.00
# Visual Studio Version 16
VisualStudioVersion = 16.0.30517.126
MinimumVisualStudioVersion = 10.0.40219.1
Project("{FAE04EC0-301F-11D3-BF4B-00C04F79EFBC}") = "ProductCatalogAPI", "ProductCatalogAPI.csproj", "{77CF3CFD-4EF8-4584-B3FE-F7CEECF523A1}"
EndProject
Global
	GlobalSection(SolutionConfigurationPlatforms) = preSolution
		Debug|Any CPU = Debug|Any CPU
		Release|Any CPU = Release|Any CPU
	EndGlobalSection
	GlobalSection(ProjectConfigurationPlatforms) = postSolution
		{77CF3CFD-4EF8-4584-B3FE-F7CEECF523A1}.Debug|Any CPU.ActiveCfg = Debug|Any CPU
		{77CF3CFD-4EF8-4584-B3FE-F7CEECF523A1}.Debug|Any CPU.Build.0 = Debug|Any CPU
		{77CF3CFD-4EF8-4584-B3FE-F7CEECF523A1}.Release|Any CPU.ActiveCfg = Release|Any CPU
		{77CF3CFD-4EF8-4584-B3FE-F7CEECF523A1}.Release|Any CPU.Build.0 = Release|Any CPU
	EndGlobalSection
	GlobalSection(SolutionProperties) = preSolution
		HideSolutionNode = FALSE
	EndGlobalSection
	GlobalSection(ExtensibilityGlobals) = postSolution
		SolutionGuid = {5F428693-A6BC-482C-9B18-79F41D5B77FD}
	EndGlobalSection
EndGlobal
